
Microsoft Visual Studio Solution File, Format Version 12.00
# Visual Studio Version 17
VisualStudioVersion = 17.6.33723.286
MinimumVisualStudioVersion = 10.0.40219.1
Project("{FAE04EC0-301F-11D3-BF4B-00C04F79EFBC}") = "MagicVilla_API", "MagicVilla_API\MagicVilla_API.csproj", "{AE38345C-BF2A-4732-A47B-DEB24117922F}"
EndProject
Global
	GlobalSection(SolutionConfigurationPlatforms) = preSolution
		Debug|Any CPU = Debug|Any CPU
		Release|Any CPU = Release|Any CPU
	EndGlobalSection
	GlobalSection(ProjectConfigurationPlatforms) = postSolution
		{AE38345C-BF2A-4732-A47B-DEB24117922F}.Debug|Any CPU.ActiveCfg = Debug|Any CPU
		{AE38345C-BF2A-4732-A47B-DEB24117922F}.Debug|Any CPU.Build.0 = Debug|Any CPU
		{AE38345C-BF2A-4732-A47B-DEB24117922F}.Release|Any CPU.ActiveCfg = Release|Any CPU
		{AE38345C-BF2A-4732-A47B-DEB24117922F}.Release|Any CPU.Build.0 = Release|Any CPU
	EndGlobalSection
	GlobalSection(SolutionProperties) = preSolution
		HideSolutionNode = FALSE
	EndGlobalSection
	GlobalSection(ExtensibilityGlobals) = postSolution
		SolutionGuid = {A25713E0-5411-46CA-B564-0B5B8AFE1004}
	EndGlobalSection
EndGlobal
